{
  "name": "serverless-offline-local-authorizers-plugin",
  "version": "1.3.0",
  "lockfileVersion": 2,
  "requires": true,
  "packages": {
    "": {
      "name": "serverless-offline-local-authorizers-plugin",
      "version": "1.3.0",
      "license": "MIT",
      "devDependencies": {
        "@types/node": "14.18.11",
        "typescript": "^4.5.5"
      }
    },
    "node_modules/@types/node": {
      "version": "14.18.11",
      "resolved": "https://registry.npmjs.org/@types/node/-/node-14.18.11.tgz",
      "integrity": "sha512-zCoCEMA+IPpsRkyCFBqew5vGb7r8RSiB3uwdu/map7uwLAfu1MTazW26/pUDWoNnF88vJz4W3U56i5gtXNqxGg==",
      "dev": true
    },
    "node_modules/typescript": {
      "version": "4.5.5",
      "resolved": "https://registry.npmjs.org/typescript/-/typescript-4.5.5.tgz",
      "integrity": "sha512-TCTIul70LyWe6IJWT8QSYeA54WQe8EjQFU4wY52Fasj5UKx88LNYKCgBEHcOMOrFF1rKGbD8v/xcNWVUq9SymA==",
      "dev": true,
      "bin": {
        "tsc": "bin/tsc",
        "tsserver": "bin/tsserver"
      },
      "engines": {
        "node": ">=4.2.0"
      }
    }
  },
  "dependencies": {
    "@types/node": {
      "version": "14.18.11",
      "resolved": "https://registry.npmjs.org/@types/node/-/node-14.18.11.tgz",
      "integrity": "sha512-zCoCEMA+IPpsRkyCFBqew5vGb7r8RSiB3uwdu/map7uwLAfu1MTazW26/pUDWoNnF88vJz4W3U56i5gtXNqxGg==",
      "dev": true
    },
    "typescript": {
      "version": "4.5.5",
      "resolved": "https://registry.npmjs.org/typescript/-/typescript-4.5.5.tgz",
      "integrity": "sha512-TCTIul70LyWe6IJWT8QSYeA54WQe8EjQFU4wY52Fasj5UKx88LNYKCgBEHcOMOrFF1rKGbD8v/xcNWVUq9SymA==",
      "dev": true
    }
  }
}